{
  "name": "kiota-typescript",
  "version": "1.0.0",
  "lockfileVersion": 3,
  "requires": true,
  "packages": {
    "": {
      "name": "kiota-typescript",
      "version": "1.0.0",
      "license": "ISC",
      "dependencies": {
        "@microsoft/kiota-abstractions": "^1.0.0-preview.36",
        "@microsoft/kiota-http-fetchlibrary": "^1.0.0-preview.35",
        "@microsoft/kiota-serialization-form": "^1.0.0-preview.25",
        "@microsoft/kiota-serialization-json": "^1.0.0-preview.36",
        "@microsoft/kiota-serialization-multipart": "^1.0.0-preview.15",
        "@microsoft/kiota-serialization-text": "^1.0.0-preview.33"
      },
      "devDependencies": {
        "ts-node": "^10.9.2",
        "typescript": "^5.3.3"
      }
    },
    "node_modules/@cspotcode/source-map-support": {
      "version": "0.8.1",
      "resolved": "https://pkgs.dev.azure.com/dhp-devops/DHP/_packaging/npm-registry/npm/registry/@cspotcode/source-map-support/-/source-map-support-0.8.1.tgz",
      "integrity": "sha1-AGKcNaaI4FqIsc2mhPudXnPwAKE=",
      "dev": true,
      "license": "MIT",
      "dependencies": {
        "@jridgewell/trace-mapping": "0.3.9"
      },
      "engines": {
        "node": ">=12"
      }
    },
    "node_modules/@jridgewell/resolve-uri": {
      "version": "3.1.1",
      "resolved": "https://pkgs.dev.azure.com/dhp-devops/DHP/_packaging/npm-registry/npm/registry/@jridgewell/resolve-uri/-/resolve-uri-3.1.1.tgz",
      "integrity": "sha1-wIZ5Bj8nlhWjMmWDujqQ0dgsxyE=",
      "dev": true,
      "license": "MIT",
      "engines": {
        "node": ">=6.0.0"
      }
    },
    "node_modules/@jridgewell/sourcemap-codec": {
      "version": "1.4.15",
      "resolved": "https://pkgs.dev.azure.com/dhp-devops/DHP/_packaging/npm-registry/npm/registry/@jridgewell/sourcemap-codec/-/sourcemap-codec-1.4.15.tgz",
      "integrity": "sha1-18bmdVx4VnqVHgSrUu8P0m3lnzI=",
      "dev": true,
      "license": "MIT"
    },
    "node_modules/@jridgewell/trace-mapping": {
      "version": "0.3.9",
      "resolved": "https://pkgs.dev.azure.com/dhp-devops/DHP/_packaging/npm-registry/npm/registry/@jridgewell/trace-mapping/-/trace-mapping-0.3.9.tgz",
      "integrity": "sha1-ZTT9WTOlO6fL86F2FeJzoNEnP/k=",
      "dev": true,
      "license": "MIT",
      "dependencies": {
        "@jridgewell/resolve-uri": "^3.0.3",
        "@jridgewell/sourcemap-codec": "^1.4.10"
      }
    },
    "node_modules/@microsoft/kiota-abstractions": {
      "version": "1.0.0-preview.36",
      "resolved": "https://pkgs.dev.azure.com/dhp-devops/DHP/_packaging/npm-registry/npm/registry/@microsoft/kiota-abstractions/-/kiota-abstractions-1.0.0-preview.36.tgz",
      "integrity": "sha1-r9bfhEzNCoNGDg23VgcIzcTsU3o=",
      "license": "MIT",
      "dependencies": {
        "@opentelemetry/api": "^1.2.0",
        "@std-uritemplate/std-uritemplate": "^0.0.49",
        "guid-typescript": "^1.0.9",
        "tinyduration": "^3.2.2",
        "tslib": "^2.3.1",
        "uuid": "^9.0.0"
      }
    },
    "node_modules/@microsoft/kiota-http-fetchlibrary": {
      "version": "1.0.0-preview.35",
      "resolved": "https://pkgs.dev.azure.com/dhp-devops/DHP/_packaging/npm-registry/npm/registry/@microsoft/kiota-http-fetchlibrary/-/kiota-http-fetchlibrary-1.0.0-preview.35.tgz",
      "integrity": "sha1-i8V9SWDKPOL6v3LU1juAM5ochSI=",
      "license": "MIT",
      "dependencies": {
        "@microsoft/kiota-abstractions": "^1.0.0-preview.36",
        "@opentelemetry/api": "^1.2.0",
        "guid-typescript": "^1.0.9",
        "node-fetch": "^2.6.5",
        "tslib": "^2.3.1"
      }
    },
    "node_modules/@microsoft/kiota-serialization-form": {
      "version": "1.0.0-preview.25",
      "resolved": "https://pkgs.dev.azure.com/dhp-devops/DHP/_packaging/npm-registry/npm/registry/@microsoft/kiota-serialization-form/-/kiota-serialization-form-1.0.0-preview.25.tgz",
      "integrity": "sha1-VZtKfyBnmM2a3zbb+3NL8yWJ6Vg=",
      "license": "MIT",
      "dependencies": {
        "@microsoft/kiota-abstractions": "^1.0.0-preview.36",
        "guid-typescript": "^1.0.9",
        "tslib": "^2.3.1"
      }
    },
    "node_modules/@microsoft/kiota-serialization-json": {
      "version": "1.0.0-preview.36",
      "resolved": "https://pkgs.dev.azure.com/dhp-devops/DHP/_packaging/npm-registry/npm/registry/@microsoft/kiota-serialization-json/-/kiota-serialization-json-1.0.0-preview.36.tgz",
      "integrity": "sha1-sLb1/9ZshbtRCT4tAjQZvyT1FKk=",
      "license": "MIT",
      "dependencies": {
        "@microsoft/kiota-abstractions": "^1.0.0-preview.36",
        "guid-typescript": "^1.0.9",
        "tslib": "^2.3.1"
      }
    },
    "node_modules/@microsoft/kiota-serialization-multipart": {
      "version": "1.0.0-preview.15",
      "resolved": "https://pkgs.dev.azure.com/dhp-devops/DHP/_packaging/npm-registry/npm/registry/@microsoft/kiota-serialization-multipart/-/kiota-serialization-multipart-1.0.0-preview.15.tgz",
      "integrity": "sha1-5iiwV7wj0AironkMH1t8t1Qg2hA=",
      "license": "MIT",
      "dependencies": {
        "@microsoft/kiota-abstractions": "^1.0.0-preview.36",
        "guid-typescript": "^1.0.9",
        "tslib": "^2.3.1"
      }
    },
    "node_modules/@microsoft/kiota-serialization-text": {
      "version": "1.0.0-preview.33",
      "resolved": "https://pkgs.dev.azure.com/dhp-devops/DHP/_packaging/npm-registry/npm/registry/@microsoft/kiota-serialization-text/-/kiota-serialization-text-1.0.0-preview.33.tgz",
      "integrity": "sha1-UNJInt2Ayp8oNcs8G60peXqet58=",
      "license": "MIT",
      "dependencies": {
        "@microsoft/kiota-abstractions": "^1.0.0-preview.36",
        "guid-typescript": "^1.0.9",
        "tslib": "^2.3.1"
      }
    },
    "node_modules/@opentelemetry/api": {
      "version": "1.7.0",
      "resolved": "https://pkgs.dev.azure.com/dhp-devops/DHP/_packaging/npm-registry/npm/registry/@opentelemetry/api/-/api-1.7.0.tgz",
      "integrity": "sha1-sTnIGZnCPjyNPApyNEgOlFkg/EA=",
      "license": "Apache-2.0",
      "engines": {
        "node": ">=8.0.0"
      }
    },
    "node_modules/@std-uritemplate/std-uritemplate": {
      "version": "0.0.49",
      "resolved": "https://pkgs.dev.azure.com/dhp-devops/DHP/_packaging/npm-registry/npm/registry/@std-uritemplate/std-uritemplate/-/std-uritemplate-0.0.49.tgz",
      "integrity": "sha1-9EXnOtb9zX3gTOX995oj5o6Pepc=",
      "license": "APACHE2"
    },
    "node_modules/@tsconfig/node10": {
      "version": "1.0.9",
      "resolved": "https://pkgs.dev.azure.com/dhp-devops/DHP/_packaging/npm-registry/npm/registry/@tsconfig/node10/-/node10-1.0.9.tgz",
      "integrity": "sha1-30kH/AeohpImN7FeAtTOvEwAIbI=",
      "dev": true,
      "license": "MIT"
    },
    "node_modules/@tsconfig/node12": {
      "version": "1.0.11",
      "resolved": "https://pkgs.dev.azure.com/dhp-devops/DHP/_packaging/npm-registry/npm/registry/@tsconfig/node12/-/node12-1.0.11.tgz",
      "integrity": "sha1-7j3vHyfZ7WbaxuRqKVz/sBUuBY0=",
      "dev": true,
      "license": "MIT"
    },
    "node_modules/@tsconfig/node14": {
      "version": "1.0.3",
      "resolved": "https://pkgs.dev.azure.com/dhp-devops/DHP/_packaging/npm-registry/npm/registry/@tsconfig/node14/-/node14-1.0.3.tgz",
      "integrity": "sha1-5DhjFihPALmENb9A9y91oJ2r9sE=",
      "dev": true,
      "license": "MIT"
    },
    "node_modules/@tsconfig/node16": {
      "version": "1.0.4",
      "resolved": "https://pkgs.dev.azure.com/dhp-devops/DHP/_packaging/npm-registry/npm/registry/@tsconfig/node16/-/node16-1.0.4.tgz",
      "integrity": "sha1-C5LcwMwcgfbzBqOB8o4xsaVlNuk=",
      "dev": true,
      "license": "MIT"
    },
    "node_modules/@types/node": {
      "version": "20.11.5",
      "resolved": "https://pkgs.dev.azure.com/dhp-devops/DHP/_packaging/npm-registry/npm/registry/@types/node/-/node-20.11.5.tgz",
      "integrity": "sha1-vhDGIsp/yqPPImz4AWarwxOJ2G4=",
      "dev": true,
      "license": "MIT",
      "peer": true,
      "dependencies": {
        "undici-types": "~5.26.4"
      }
    },
    "node_modules/acorn": {
      "version": "8.11.3",
      "resolved": "https://pkgs.dev.azure.com/dhp-devops/DHP/_packaging/npm-registry/npm/registry/acorn/-/acorn-8.11.3.tgz",
      "integrity": "sha1-ceCxThOk7BYHJLOPt7DyM7G4HXo=",
      "dev": true,
      "license": "MIT",
      "bin": {
        "acorn": "bin/acorn"
      },
      "engines": {
        "node": ">=0.4.0"
      }
    },
    "node_modules/acorn-walk": {
      "version": "8.3.2",
      "resolved": "https://pkgs.dev.azure.com/dhp-devops/DHP/_packaging/npm-registry/npm/registry/acorn-walk/-/acorn-walk-8.3.2.tgz",
      "integrity": "sha1-dwOvlBXxttuTFdaJVQOGLiMdNKo=",
      "dev": true,
      "license": "MIT",
      "engines": {
        "node": ">=0.4.0"
      }
    },
    "node_modules/arg": {
      "version": "4.1.3",
      "resolved": "https://pkgs.dev.azure.com/dhp-devops/DHP/_packaging/npm-registry/npm/registry/arg/-/arg-4.1.3.tgz",
      "integrity": "sha1-Jp/HrVuOQstjyJbVZmAXJhwUQIk=",
      "dev": true,
      "license": "MIT"
    },
    "node_modules/create-require": {
      "version": "1.1.1",
      "resolved": "https://pkgs.dev.azure.com/dhp-devops/DHP/_packaging/npm-registry/npm/registry/create-require/-/create-require-1.1.1.tgz",
      "integrity": "sha1-wdfo8eX2z8n/ZfnNNS03NIdWwzM=",
      "dev": true,
      "license": "MIT"
    },
    "node_modules/diff": {
      "version": "4.0.2",
      "resolved": "https://pkgs.dev.azure.com/dhp-devops/DHP/_packaging/npm-registry/npm/registry/diff/-/diff-4.0.2.tgz",
      "integrity": "sha1-YPOuy4nV+uUgwRqhnvwruYKq3n0=",
      "dev": true,
      "license": "BSD-3-Clause",
      "engines": {
        "node": ">=0.3.1"
      }
    },
    "node_modules/guid-typescript": {
      "version": "1.0.9",
      "resolved": "https://pkgs.dev.azure.com/dhp-devops/DHP/_packaging/npm-registry/npm/registry/guid-typescript/-/guid-typescript-1.0.9.tgz",
      "integrity": "sha1-4193ADU1sCl+oIVI9azmrbFIDdw=",
      "license": "ISC"
    },
    "node_modules/make-error": {
      "version": "1.3.6",
      "resolved": "https://pkgs.dev.azure.com/dhp-devops/DHP/_packaging/npm-registry/npm/registry/make-error/-/make-error-1.3.6.tgz",
      "integrity": "sha1-LrLjfqm2fEiR9oShOUeZr0hM96I=",
      "dev": true,
      "license": "ISC"
    },
    "node_modules/node-fetch": {
      "version": "2.7.0",
      "resolved": "https://pkgs.dev.azure.com/dhp-devops/DHP/_packaging/npm-registry/npm/registry/node-fetch/-/node-fetch-2.7.0.tgz",
      "integrity": "sha1-0PD6bj4twdJ+/NitmdVQvalNGH0=",
      "license": "MIT",
      "dependencies": {
        "whatwg-url": "^5.0.0"
      },
      "engines": {
        "node": "4.x || >=6.0.0"
      },
      "peerDependencies": {
        "encoding": "^0.1.0"
      },
      "peerDependenciesMeta": {
        "encoding": {
          "optional": true
        }
      }
    },
    "node_modules/tinyduration": {
      "version": "3.3.0",
      "resolved": "https://pkgs.dev.azure.com/dhp-devops/DHP/_packaging/npm-registry/npm/registry/tinyduration/-/tinyduration-3.3.0.tgz",
      "integrity": "sha1-826lg7mg3SAnoc+IEMkx43VB/oA=",
      "license": "MIT"
    },
    "node_modules/tr46": {
      "version": "0.0.3",
      "resolved": "https://pkgs.dev.azure.com/dhp-devops/DHP/_packaging/npm-registry/npm/registry/tr46/-/tr46-0.0.3.tgz",
      "integrity": "sha1-gYT9NH2snNwYWZLzpmIuFLnZq2o=",
      "license": "MIT"
    },
    "node_modules/ts-node": {
      "version": "10.9.2",
      "resolved": "https://pkgs.dev.azure.com/dhp-devops/DHP/_packaging/npm-registry/npm/registry/ts-node/-/ts-node-10.9.2.tgz",
      "integrity": "sha1-cPAhyeGFvM3Kgg4m3EE4BcEBxx8=",
      "dev": true,
      "license": "MIT",
      "dependencies": {
        "@cspotcode/source-map-support": "^0.8.0",
        "@tsconfig/node10": "^1.0.7",
        "@tsconfig/node12": "^1.0.7",
        "@tsconfig/node14": "^1.0.0",
        "@tsconfig/node16": "^1.0.2",
        "acorn": "^8.4.1",
        "acorn-walk": "^8.1.1",
        "arg": "^4.1.0",
        "create-require": "^1.1.0",
        "diff": "^4.0.1",
        "make-error": "^1.1.1",
        "v8-compile-cache-lib": "^3.0.1",
        "yn": "3.1.1"
      },
      "bin": {
        "ts-node": "dist/bin.js",
        "ts-node-cwd": "dist/bin-cwd.js",
        "ts-node-esm": "dist/bin-esm.js",
        "ts-node-script": "dist/bin-script.js",
        "ts-node-transpile-only": "dist/bin-transpile.js",
        "ts-script": "dist/bin-script-deprecated.js"
      },
      "peerDependencies": {
        "@swc/core": ">=1.2.50",
        "@swc/wasm": ">=1.2.50",
        "@types/node": "*",
        "typescript": ">=2.7"
      },
      "peerDependenciesMeta": {
        "@swc/core": {
          "optional": true
        },
        "@swc/wasm": {
          "optional": true
        }
      }
    },
    "node_modules/tslib": {
      "version": "2.6.2",
      "resolved": "https://pkgs.dev.azure.com/dhp-devops/DHP/_packaging/npm-registry/npm/registry/tslib/-/tslib-2.6.2.tgz",
      "integrity": "sha1-cDrClCXns3zW/UVukkBNRtHz5K4=",
      "license": "0BSD"
    },
    "node_modules/typescript": {
      "version": "5.3.3",
      "resolved": "https://pkgs.dev.azure.com/dhp-devops/DHP/_packaging/npm-registry/npm/registry/typescript/-/typescript-5.3.3.tgz",
      "integrity": "sha1-s85roljnLmMFumb1ybRSqu4//jc=",
      "dev": true,
      "license": "Apache-2.0",
      "bin": {
        "tsc": "bin/tsc",
        "tsserver": "bin/tsserver"
      },
      "engines": {
        "node": ">=14.17"
      }
    },
    "node_modules/undici-types": {
      "version": "5.26.5",
      "resolved": "https://pkgs.dev.azure.com/dhp-devops/DHP/_packaging/npm-registry/npm/registry/undici-types/-/undici-types-5.26.5.tgz",
      "integrity": "sha1-vNU5iT0AtW6WT9JlekhmsiGmVhc=",
      "dev": true,
      "license": "MIT",
      "peer": true
    },
    "node_modules/uuid": {
      "version": "9.0.1",
      "resolved": "https://pkgs.dev.azure.com/dhp-devops/DHP/_packaging/npm-registry/npm/registry/uuid/-/uuid-9.0.1.tgz",
      "integrity": "sha1-4YjUyIU8xyIiA5LEJM1jfzIpPzA=",
      "funding": [
        "https://github.com/sponsors/broofa",
        "https://github.com/sponsors/ctavan"
      ],
      "license": "MIT",
      "bin": {
        "uuid": "dist/bin/uuid"
      }
    },
    "node_modules/v8-compile-cache-lib": {
      "version": "3.0.1",
      "resolved": "https://pkgs.dev.azure.com/dhp-devops/DHP/_packaging/npm-registry/npm/registry/v8-compile-cache-lib/-/v8-compile-cache-lib-3.0.1.tgz",
      "integrity": "sha1-Yzbo1xllyz01obu3hoRFp8BSZL8=",
      "dev": true,
      "license": "MIT"
    },
    "node_modules/webidl-conversions": {
      "version": "3.0.1",
      "resolved": "https://pkgs.dev.azure.com/dhp-devops/DHP/_packaging/npm-registry/npm/registry/webidl-conversions/-/webidl-conversions-3.0.1.tgz",
      "integrity": "sha1-JFNCdeKnvGvnvIZhHMFq4KVlSHE=",
      "license": "BSD-2-Clause"
    },
    "node_modules/whatwg-url": {
      "version": "5.0.0",
      "resolved": "https://pkgs.dev.azure.com/dhp-devops/DHP/_packaging/npm-registry/npm/registry/whatwg-url/-/whatwg-url-5.0.0.tgz",
      "integrity": "sha1-lmRU6HZUYuN2RNNib2dCzotwll0=",
      "license": "MIT",
      "dependencies": {
        "tr46": "~0.0.3",
        "webidl-conversions": "^3.0.0"
      }
    },
    "node_modules/yn": {
      "version": "3.1.1",
      "resolved": "https://pkgs.dev.azure.com/dhp-devops/DHP/_packaging/npm-registry/npm/registry/yn/-/yn-3.1.1.tgz",
      "integrity": "sha1-HodAGgnXZ8HV6rJqbkwYUYLS61A=",
      "dev": true,
      "license": "MIT",
      "engines": {
        "node": ">=6"
      }
    }
  }
}
